<?xml version="1.0" encoding="utf-8"?>
<Project ToolsVersion="4.0" xmlns="http://schemas.microsoft.com/developer/msbuild/2003">
  <ItemGroup>
    <Filter Include="StateMachine">
      <UniqueIdentifier>{c4768e78-9d2e-49a0-810c-00bba84e1b76}</UniqueIdentifier>
    </Filter>
    <Filter Include="AssetManager">
      <UniqueIdentifier>{494bf570-9d96-4126-b9a9-d15d2b406ef8}</UniqueIdentifier>
    </Filter>
    <Filter Include="InputManager">
      <UniqueIdentifier>{511404b1-9441-4b84-9515-bf7d0f08812b}</UniqueIdentifier>
    </Filter>
    <Filter Include="States">
      <UniqueIdentifier>{e34646f2-d7e9-4ec8-ac5c-9093321ec0a6}</UniqueIdentifier>
    </Filter>
    <Filter Include="States\SplashState">
      <UniqueIdentifier>{869b039c-1462-4fea-8667-ce15b8285bbc}</UniqueIdentifier>
    </Filter>
    <Filter Include="States\MainMenuState">
      <UniqueIdentifier>{addec0ee-8533-41db-8e61-1f389284f01f}</UniqueIdentifier>
    </Filter>
    <Filter Include="GameManager">
      <UniqueIdentifier>{79c236cc-c3ce-4e3d-815b-381ebb3162ea}</UniqueIdentifier>
    </Filter>
    <Filter Include="States\GameState">
      <UniqueIdentifier>{fbc1fd53-46db-440f-b0ab-dbb68a7b43cb}</UniqueIdentifier>
    </Filter>
    <Filter Include="States\GameOverState">
      <UniqueIdentifier>{c05076ac-32cd-4303-bcf0-27294f5818aa}</UniqueIdentifier>
    </Filter>
    <Filter Include="Definitions">
      <UniqueIdentifier>{2364e532-8951-465a-b3e4-c60096d8e1b9}</UniqueIdentifier>
    </Filter>
    <Filter Include="States\GameState\GameObjects">
      <UniqueIdentifier>{150450be-887b-4944-99be-2887952a7613}</UniqueIdentifier>
    </Filter>
    <Filter Include="States\GameState\GameObjects\Strategies">
      <UniqueIdentifier>{174871b0-02de-44a6-ba9f-9aab8de8406e}</UniqueIdentifier>
    </Filter>
    <Filter Include="States\GameState\GameObjects\Factories">
      <UniqueIdentifier>{4124a6c9-ac8c-4a54-accd-6076c2091cae}</UniqueIdentifier>
    </Filter>
    <Filter Include="States\GameState\GameObjects\Strategies\Controlls">
      <UniqueIdentifier>{5814f1d2-eed3-4175-8c03-3624f6e1368d}</UniqueIdentifier>
    </Filter>
    <Filter Include="States\GameState\Prototyping">
      <UniqueIdentifier>{c9c958d4-6124-466d-a9e4-d85ffb38b7f8}</UniqueIdentifier>
    </Filter>
    <Filter Include="States\GameState\GameObjects\Strategies\SpawnStrategies">
      <UniqueIdentifier>{08e6d065-2ea0-4f2e-8dec-61f05b1c5e27}</UniqueIdentifier>
    </Filter>
    <Filter Include="States\GameState\GameObjects\Strategies\SizeStrategies">
      <UniqueIdentifier>{805c9e61-fb4a-4e60-b5db-4f4c966bb739}</UniqueIdentifier>
    </Filter>
    <Filter Include="States\GameState\GameObjects\Strategies\AppearanceStrategies">
      <UniqueIdentifier>{2cea5c56-3b0b-4944-a575-542e3cac2ead}</UniqueIdentifier>
    </Filter>
    <Filter Include="States\GameState\GameObjects\Strategies\SoundStrategies">
      <UniqueIdentifier>{4d4a26dd-5189-4e0d-9ba5-f460ada8e43f}</UniqueIdentifier>
    </Filter>
  </ItemGroup>
  <ItemGroup>
    <ClCompile Include="StateMachine.cpp">
      <Filter>StateMachine</Filter>
    </ClCompile>
    <ClCompile Include="AssetManager.cpp">
      <Filter>AssetManager</Filter>
    </ClCompile>
    <ClCompile Include="InputManager.cpp">
      <Filter>InputManager</Filter>
    </ClCompile>
    <ClCompile Include="GameManager.cpp">
      <Filter>GameManager</Filter>
    </ClCompile>
    <ClCompile Include="main.cpp" />
    <ClCompile Include="SplashState.cpp">
      <Filter>States\SplashState</Filter>
    </ClCompile>
    <ClCompile Include="MainMenuState.cpp">
      <Filter>States\MainMenuState</Filter>
    </ClCompile>
    <ClCompile Include="GameState.cpp">
      <Filter>States\GameState</Filter>
    </ClCompile>
    <ClCompile Include="GameOverState.cpp">
      <Filter>States\GameOverState</Filter>
    </ClCompile>
    <ClCompile Include="GameObject.cpp">
      <Filter>States\GameState\GameObjects</Filter>
    </ClCompile>
    <ClCompile Include="IControls.cpp">
      <Filter>States\GameState\GameObjects\Strategies\Controlls</Filter>
    </ClCompile>
    <ClCompile Include="AISpawnStrategy.cpp">
      <Filter>States\GameState\GameObjects\Strategies\SpawnStrategies</Filter>
    </ClCompile>
    <ClCompile Include="ObjectFactory.cpp">
      <Filter>States\GameState\GameObjects\Factories</Filter>
    </ClCompile>
    <ClCompile Include="PlayerSpawnStrategy.cpp">
      <Filter>States\GameState\GameObjects\Strategies\SpawnStrategies</Filter>
    </ClCompile>
    <ClCompile Include="ProjectileSpawnStrategy.cpp">
      <Filter>States\GameState\GameObjects\Strategies\SpawnStrategies</Filter>
    </ClCompile>
    <ClCompile Include="AIScale.cpp">
      <Filter>States\GameState\GameObjects\Strategies\SizeStrategies</Filter>
    </ClCompile>
    <ClCompile Include="PlayerScale.cpp">
      <Filter>States\GameState\GameObjects\Strategies\SizeStrategies</Filter>
    </ClCompile>
    <ClCompile Include="ProjectileScale.cpp">
      <Filter>States\GameState\GameObjects\Strategies\SizeStrategies</Filter>
    </ClCompile>
    <ClCompile Include="PlayerAppearanceStrategy.cpp">
      <Filter>States\GameState\GameObjects\Strategies\AppearanceStrategies</Filter>
    </ClCompile>
    <ClCompile Include="AIAppearanceStrategy.cpp">
      <Filter>States\GameState\GameObjects\Strategies\AppearanceStrategies</Filter>
    </ClCompile>
    <ClCompile Include="ProjetileAppearanceStrategy.cpp">
      <Filter>States\GameState\GameObjects\Strategies\AppearanceStrategies</Filter>
    </ClCompile>
    <ClCompile Include="ProjectileSoundStrategy.cpp">
      <Filter>States\GameState\GameObjects\Strategies\SoundStrategies</Filter>
    </ClCompile>
    <ClCompile Include="AISoundStrategy.cpp">
      <Filter>States\GameState\GameObjects\Strategies\SoundStrategies</Filter>
    </ClCompile>
    <ClCompile Include="PlayerSoundStrategy.cpp">
      <Filter>States\GameState\GameObjects\Strategies\SoundStrategies</Filter>
    </ClCompile>
  </ItemGroup>
  <ItemGroup>
    <ClInclude Include="State.h">
      <Filter>StateMachine</Filter>
    </ClInclude>
    <ClInclude Include="StateMachine.h">
      <Filter>StateMachine</Filter>
    </ClInclude>
    <ClInclude Include="AssetManager.h">
      <Filter>AssetManager</Filter>
    </ClInclude>
    <ClInclude Include="InputManager.h">
      <Filter>InputManager</Filter>
    </ClInclude>
    <ClInclude Include="GameManager.h">
      <Filter>GameManager</Filter>
    </ClInclude>
    <ClInclude Include="Definition.h">
      <Filter>Definitions</Filter>
    </ClInclude>
    <ClInclude Include="SplashState.h">
      <Filter>States\SplashState</Filter>
    </ClInclude>
    <ClInclude Include="MainMenuState.h">
      <Filter>States\MainMenuState</Filter>
    </ClInclude>
    <ClInclude Include="GameState.h">
      <Filter>States\GameState</Filter>
    </ClInclude>
    <ClInclude Include="GameOverState.h">
      <Filter>States\GameOverState</Filter>
    </ClInclude>
    <ClInclude Include="GameObject.h">
      <Filter>States\GameState\GameObjects</Filter>
    </ClInclude>
    <ClInclude Include="IControls.h">
      <Filter>States\GameState\GameObjects\Strategies\Controlls</Filter>
    </ClInclude>
    <ClInclude Include="AISpawnStrategy.h">
      <Filter>States\GameState\GameObjects\Strategies\SpawnStrategies</Filter>
    </ClInclude>
    <ClInclude Include="ISpawnStrategy.h">
      <Filter>States\GameState\GameObjects\Strategies\SpawnStrategies</Filter>
    </ClInclude>
    <ClInclude Include="ObjectFactory.h">
      <Filter>States\GameState\GameObjects\Factories</Filter>
    </ClInclude>
    <ClInclude Include="PlayerSpawnStrategy.h">
      <Filter>States\GameState\GameObjects\Strategies\SpawnStrategies</Filter>
    </ClInclude>
    <ClInclude Include="ProjectileSpawnStrategy.h">
      <Filter>States\GameState\GameObjects\Strategies\SpawnStrategies</Filter>
    </ClInclude>
    <ClInclude Include="IScaleStrategy.h">
      <Filter>States\GameState\GameObjects\Strategies\SizeStrategies</Filter>
    </ClInclude>
    <ClInclude Include="PlayerScale.h">
      <Filter>States\GameState\GameObjects\Strategies\SizeStrategies</Filter>
    </ClInclude>
    <ClInclude Include="ProjectileScale.h">
      <Filter>States\GameState\GameObjects\Strategies\SizeStrategies</Filter>
    </ClInclude>
    <ClInclude Include="AIScale.h">
      <Filter>States\GameState\GameObjects\Strategies\SizeStrategies</Filter>
    </ClInclude>
    <ClInclude Include="IAppearanceStrategy.h">
      <Filter>States\GameState\GameObjects\Strategies\AppearanceStrategies</Filter>
    </ClInclude>
    <ClInclude Include="PlayerAppearanceStrategy.h">
      <Filter>States\GameState\GameObjects\Strategies\AppearanceStrategies</Filter>
    </ClInclude>
    <ClInclude Include="AIAppearanceStrategy.h">
      <Filter>States\GameState\GameObjects\Strategies\AppearanceStrategies</Filter>
    </ClInclude>
    <ClInclude Include="ProjetileAppearanceStrategy.h">
      <Filter>States\GameState\GameObjects\Strategies\AppearanceStrategies</Filter>
    </ClInclude>
    <ClInclude Include="ISoundStrategy.h">
      <Filter>States\GameState\GameObjects\Strategies\SoundStrategies</Filter>
    </ClInclude>
    <ClInclude Include="ProjectileSoundStrategy.h">
      <Filter>States\GameState\GameObjects\Strategies\SoundStrategies</Filter>
    </ClInclude>
    <ClInclude Include="PlayerSoundStrategy.h">
      <Filter>States\GameState\GameObjects\Strategies\SoundStrategies</Filter>
    </ClInclude>
    <ClInclude Include="AISoundStrategy.h">
      <Filter>States\GameState\GameObjects\Strategies\SoundStrategies</Filter>
    </ClInclude>
  </ItemGroup>
</Project>