<?xml version="1.0" encoding="utf-8"?>
<Project ToolsVersion="4.0" xmlns="http://schemas.microsoft.com/developer/msbuild/2003">
  <ItemGroup>
    <Filter Include="StateMachine">
      <UniqueIdentifier>{c4768e78-9d2e-49a0-810c-00bba84e1b76}</UniqueIdentifier>
    </Filter>
    <Filter Include="AssetManager">
      <UniqueIdentifier>{494bf570-9d96-4126-b9a9-d15d2b406ef8}</UniqueIdentifier>
    </Filter>
    <Filter Include="InputManager">
      <UniqueIdentifier>{511404b1-9441-4b84-9515-bf7d0f08812b}</UniqueIdentifier>
    </Filter>
    <Filter Include="States">
      <UniqueIdentifier>{e34646f2-d7e9-4ec8-ac5c-9093321ec0a6}</UniqueIdentifier>
    </Filter>
    <Filter Include="States\SplashState">
      <UniqueIdentifier>{869b039c-1462-4fea-8667-ce15b8285bbc}</UniqueIdentifier>
    </Filter>
    <Filter Include="States\MainMenuState">
      <UniqueIdentifier>{addec0ee-8533-41db-8e61-1f389284f01f}</UniqueIdentifier>
    </Filter>
    <Filter Include="GameManager">
      <UniqueIdentifier>{79c236cc-c3ce-4e3d-815b-381ebb3162ea}</UniqueIdentifier>
    </Filter>
    <Filter Include="States\GameState">
      <UniqueIdentifier>{fbc1fd53-46db-440f-b0ab-dbb68a7b43cb}</UniqueIdentifier>
    </Filter>
    <Filter Include="States\GameOverState">
      <UniqueIdentifier>{c05076ac-32cd-4303-bcf0-27294f5818aa}</UniqueIdentifier>
    </Filter>
    <Filter Include="Definitions">
      <UniqueIdentifier>{2364e532-8951-465a-b3e4-c60096d8e1b9}</UniqueIdentifier>
    </Filter>
    <Filter Include="States\GameState\GameObjects">
      <UniqueIdentifier>{150450be-887b-4944-99be-2887952a7613}</UniqueIdentifier>
    </Filter>
    <Filter Include="States\GameState\GameObjects\Strategies">
      <UniqueIdentifier>{174871b0-02de-44a6-ba9f-9aab8de8406e}</UniqueIdentifier>
    </Filter>
  </ItemGroup>
  <ItemGroup>
    <ClCompile Include="StateMachine.cpp">
      <Filter>StateMachine</Filter>
    </ClCompile>
    <ClCompile Include="AssetManager.cpp">
      <Filter>AssetManager</Filter>
    </ClCompile>
    <ClCompile Include="InputManager.cpp">
      <Filter>InputManager</Filter>
    </ClCompile>
    <ClCompile Include="GameManager.cpp">
      <Filter>GameManager</Filter>
    </ClCompile>
    <ClCompile Include="main.cpp" />
    <ClCompile Include="SplashState.cpp">
      <Filter>States\SplashState</Filter>
    </ClCompile>
    <ClCompile Include="MainMenuState.cpp">
      <Filter>States\MainMenuState</Filter>
    </ClCompile>
    <ClCompile Include="GameState.cpp">
      <Filter>States\GameState</Filter>
    </ClCompile>
    <ClCompile Include="GameOverState.cpp">
      <Filter>States\GameOverState</Filter>
    </ClCompile>
    <ClCompile Include="GameObject.cpp">
      <Filter>States\GameState\GameObjects</Filter>
    </ClCompile>
    <ClCompile Include="ITouchStrategies.cpp" />
  </ItemGroup>
  <ItemGroup>
    <ClInclude Include="State.h">
      <Filter>StateMachine</Filter>
    </ClInclude>
    <ClInclude Include="StateMachine.h">
      <Filter>StateMachine</Filter>
    </ClInclude>
    <ClInclude Include="AssetManager.h">
      <Filter>AssetManager</Filter>
    </ClInclude>
    <ClInclude Include="InputManager.h">
      <Filter>InputManager</Filter>
    </ClInclude>
    <ClInclude Include="GameManager.h">
      <Filter>GameManager</Filter>
    </ClInclude>
    <ClInclude Include="Definition.h">
      <Filter>Definitions</Filter>
    </ClInclude>
    <ClInclude Include="SplashState.h">
      <Filter>States\SplashState</Filter>
    </ClInclude>
    <ClInclude Include="MainMenuState.h">
      <Filter>States\MainMenuState</Filter>
    </ClInclude>
    <ClInclude Include="GameState.h">
      <Filter>States\GameState</Filter>
    </ClInclude>
    <ClInclude Include="GameOverState.h">
      <Filter>States\GameOverState</Filter>
    </ClInclude>
    <ClInclude Include="GameObject.h">
      <Filter>States\GameState\GameObjects</Filter>
    </ClInclude>
    <ClInclude Include="ITouchStrategies.h">
      <Filter>States\GameState\GameObjects\Strategies</Filter>
    </ClInclude>
  </ItemGroup>
</Project>